
Microsoft Visual Studio Solution File, Format Version 12.00
# Visual Studio Version 17
VisualStudioVersion = 17.11.34909.67
MinimumVisualStudioVersion = 10.0.40219.1
Project("{FAE04EC0-301F-11D3-BF4B-00C04F79EFBC}") = "Keylogger", "Keylogger\Keylogger.csproj", "{6B3374CD-D661-4771-8D6F-DC30A9AFA19C}"
EndProject
Global
	GlobalSection(SolutionConfigurationPlatforms) = preSolution
		Debug|Any CPU = Debug|Any CPU
		Release|Any CPU = Release|Any CPU
	EndGlobalSection
	GlobalSection(ProjectConfigurationPlatforms) = postSolution
		{6B3374CD-D661-4771-8D6F-DC30A9AFA19C}.Debug|Any CPU.ActiveCfg = Debug|Any CPU
		{6B3374CD-D661-4771-8D6F-DC30A9AFA19C}.Debug|Any CPU.Build.0 = Debug|Any CPU
		{6B3374CD-D661-4771-8D6F-DC30A9AFA19C}.Release|Any CPU.ActiveCfg = Release|Any CPU
		{6B3374CD-D661-4771-8D6F-DC30A9AFA19C}.Release|Any CPU.Build.0 = Release|Any CPU
	EndGlobalSection
	GlobalSection(SolutionProperties) = preSolution
		HideSolutionNode = FALSE
	EndGlobalSection
	GlobalSection(ExtensibilityGlobals) = postSolution
		SolutionGuid = {EB0FC756-6AAA-4E2B-8D01-F0A5172237AD}
	EndGlobalSection
EndGlobal
